
Microsoft Visual Studio Solution File, Format Version 12.00
# Visual Studio Version 17
VisualStudioVersion = 17.9.34902.65
MinimumVisualStudioVersion = 10.0.40219.1
Project("{FAE04EC0-301F-11D3-BF4B-00C04F79EFBC}") = "ReactiveUiBlazor", "ReactiveUiBlazor\ReactiveUiBlazor.csproj", "{9DB828CC-9D68-4AD8-8F55-E788F04891DC}"
EndProject
Global
	GlobalSection(SolutionConfigurationPlatforms) = preSolution
		Debug|Any CPU = Debug|Any CPU
		Release|Any CPU = Release|Any CPU
	EndGlobalSection
	GlobalSection(ProjectConfigurationPlatforms) = postSolution
		{9DB828CC-9D68-4AD8-8F55-E788F04891DC}.Debug|Any CPU.ActiveCfg = Debug|Any CPU
		{9DB828CC-9D68-4AD8-8F55-E788F04891DC}.Debug|Any CPU.Build.0 = Debug|Any CPU
		{9DB828CC-9D68-4AD8-8F55-E788F04891DC}.Release|Any CPU.ActiveCfg = Release|Any CPU
		{9DB828CC-9D68-4AD8-8F55-E788F04891DC}.Release|Any CPU.Build.0 = Release|Any CPU
	EndGlobalSection
	GlobalSection(SolutionProperties) = preSolution
		HideSolutionNode = FALSE
	EndGlobalSection
	GlobalSection(ExtensibilityGlobals) = postSolution
		SolutionGuid = {4E3DE2D1-53A0-4C31-9566-D379798305C8}
	EndGlobalSection
EndGlobal
